[root]
name = "evolution-wire"
version = "0.1.0"
dependencies = [
 "itertools 0.4.13 (registry+https://github.com/rust-lang/crates.io-index)",
 "log 0.3.6 (registry+https://github.com/rust-lang/crates.io-index)",
 "serde 0.7.0 (git+https://github.com/nixpulvis/serde.git)",
 "serde_json 0.7.0 (git+https://github.com/nixpulvis/json.git)",
]

[[package]]
name = "itertools"
version = "0.4.13"
source = "registry+https://github.com/rust-lang/crates.io-index"

[[package]]
name = "log"
version = "0.3.6"
source = "registry+https://github.com/rust-lang/crates.io-index"

[[package]]
name = "num"
version = "0.1.32"
source = "registry+https://github.com/rust-lang/crates.io-index"
dependencies = [
 "num-integer 0.1.32 (registry+https://github.com/rust-lang/crates.io-index)",
 "num-iter 0.1.32 (registry+https://github.com/rust-lang/crates.io-index)",
 "num-traits 0.1.32 (registry+https://github.com/rust-lang/crates.io-index)",
]

[[package]]
name = "num-integer"
version = "0.1.32"
source = "registry+https://github.com/rust-lang/crates.io-index"
dependencies = [
 "num-traits 0.1.32 (registry+https://github.com/rust-lang/crates.io-index)",
]

[[package]]
name = "num-iter"
version = "0.1.32"
source = "registry+https://github.com/rust-lang/crates.io-index"
dependencies = [
 "num-integer 0.1.32 (registry+https://github.com/rust-lang/crates.io-index)",
 "num-traits 0.1.32 (registry+https://github.com/rust-lang/crates.io-index)",
]

[[package]]
name = "num-traits"
version = "0.1.32"
source = "registry+https://github.com/rust-lang/crates.io-index"

[[package]]
name = "serde"
version = "0.7.0"
source = "git+https://github.com/nixpulvis/serde.git#65e36647f5d376d9ff1e9d9b09d70f6ef3a10f5c"

[[package]]
name = "serde_json"
version = "0.7.0"
source = "git+https://github.com/nixpulvis/json.git#805469346cd0f89efff4c6668d206377b7080123"
dependencies = [
 "num 0.1.32 (registry+https://github.com/rust-lang/crates.io-index)",
 "serde 0.7.0 (git+https://github.com/nixpulvis/serde.git)",
]

