[root]
name = "evolution-test"
version = "0.1.0"
dependencies = [
 "itertools 0.4.11 (registry+https://github.com/rust-lang/crates.io-index)",
 "serde 0.6.15 (registry+https://github.com/rust-lang/crates.io-index)",
 "serde_json 0.6.0 (git+https://github.com/nixpulvis/json?branch=negative-zero)",
]

[[package]]
name = "itertools"
version = "0.4.11"
source = "registry+https://github.com/rust-lang/crates.io-index"

[[package]]
name = "num"
version = "0.1.31"
source = "registry+https://github.com/rust-lang/crates.io-index"

[[package]]
name = "serde"
version = "0.6.15"
source = "registry+https://github.com/rust-lang/crates.io-index"
dependencies = [
 "num 0.1.31 (registry+https://github.com/rust-lang/crates.io-index)",
]

[[package]]
name = "serde_json"
version = "0.6.0"
source = "git+https://github.com/nixpulvis/json?branch=negative-zero#a3101d382722a35c137ae2473b3004b81e00413b"
dependencies = [
 "num 0.1.31 (registry+https://github.com/rust-lang/crates.io-index)",
 "serde 0.6.15 (registry+https://github.com/rust-lang/crates.io-index)",
]

